
Microsoft Visual Studio Solution File, Format Version 12.00
# Visual Studio Version 16
VisualStudioVersion = 16.0.30204.135
MinimumVisualStudioVersion = 10.0.40219.1
Project("{FAE04EC0-301F-11D3-BF4B-00C04F79EFBC}") = "upnp-portmapper", "upnp-portmapper\upnp-portmapper.csproj", "{B4410BE4-4F4E-4BB8-8CC9-1CC1136BB9BB}"
EndProject
Global
	GlobalSection(SolutionConfigurationPlatforms) = preSolution
		Debug|Any CPU = Debug|Any CPU
		Release|Any CPU = Release|Any CPU
	EndGlobalSection
	GlobalSection(ProjectConfigurationPlatforms) = postSolution
		{B4410BE4-4F4E-4BB8-8CC9-1CC1136BB9BB}.Debug|Any CPU.ActiveCfg = Debug|Any CPU
		{B4410BE4-4F4E-4BB8-8CC9-1CC1136BB9BB}.Debug|Any CPU.Build.0 = Debug|Any CPU
		{B4410BE4-4F4E-4BB8-8CC9-1CC1136BB9BB}.Release|Any CPU.ActiveCfg = Release|Any CPU
		{B4410BE4-4F4E-4BB8-8CC9-1CC1136BB9BB}.Release|Any CPU.Build.0 = Release|Any CPU
	EndGlobalSection
	GlobalSection(SolutionProperties) = preSolution
		HideSolutionNode = FALSE
	EndGlobalSection
	GlobalSection(ExtensibilityGlobals) = postSolution
		SolutionGuid = {047B5C97-4624-4B14-B373-E4D5306DE6A8}
	EndGlobalSection
EndGlobal
